
Microsoft Visual Studio Solution File, Format Version 12.00
# Visual Studio Version 16
VisualStudioVersion = 16.0.31424.327
MinimumVisualStudioVersion = 10.0.40219.1
Project("{9A19103F-16F7-4668-BE54-9A1E7A4F7556}") = "SCS.NET", "SCS.NET.csproj", "{9880977E-E1F4-4A23-8A72-C57C2E2DA7E8}"
EndProject
Project("{FAE04EC0-301F-11D3-BF4B-00C04F79EFBC}") = "Test", "Test\Test.csproj", "{4C18F477-D597-4A72-81E1-0B3A220A41AE}"
EndProject
Project("{FAE04EC0-301F-11D3-BF4B-00C04F79EFBC}") = "Demo", "Demo\Demo.csproj", "{889A6E09-D551-4527-8EA6-33E38EA2AD9C}"
EndProject
Global
	GlobalSection(SolutionConfigurationPlatforms) = preSolution
		Debug|Any CPU = Debug|Any CPU
		Release|Any CPU = Release|Any CPU
	EndGlobalSection
	GlobalSection(ProjectConfigurationPlatforms) = postSolution
		{9880977E-E1F4-4A23-8A72-C57C2E2DA7E8}.Debug|Any CPU.ActiveCfg = Debug|Any CPU
		{9880977E-E1F4-4A23-8A72-C57C2E2DA7E8}.Debug|Any CPU.Build.0 = Debug|Any CPU
		{9880977E-E1F4-4A23-8A72-C57C2E2DA7E8}.Release|Any CPU.ActiveCfg = Release|Any CPU
		{9880977E-E1F4-4A23-8A72-C57C2E2DA7E8}.Release|Any CPU.Build.0 = Release|Any CPU
		{4C18F477-D597-4A72-81E1-0B3A220A41AE}.Debug|Any CPU.ActiveCfg = Debug|Any CPU
		{4C18F477-D597-4A72-81E1-0B3A220A41AE}.Debug|Any CPU.Build.0 = Debug|Any CPU
		{4C18F477-D597-4A72-81E1-0B3A220A41AE}.Release|Any CPU.ActiveCfg = Release|Any CPU
		{4C18F477-D597-4A72-81E1-0B3A220A41AE}.Release|Any CPU.Build.0 = Release|Any CPU
		{889A6E09-D551-4527-8EA6-33E38EA2AD9C}.Debug|Any CPU.ActiveCfg = Debug|Any CPU
		{889A6E09-D551-4527-8EA6-33E38EA2AD9C}.Debug|Any CPU.Build.0 = Debug|Any CPU
		{889A6E09-D551-4527-8EA6-33E38EA2AD9C}.Release|Any CPU.ActiveCfg = Release|Any CPU
		{889A6E09-D551-4527-8EA6-33E38EA2AD9C}.Release|Any CPU.Build.0 = Release|Any CPU
	EndGlobalSection
	GlobalSection(SolutionProperties) = preSolution
		HideSolutionNode = FALSE
	EndGlobalSection
	GlobalSection(ExtensibilityGlobals) = postSolution
		SolutionGuid = {045A1E65-9687-46F5-A71C-FABBF8D51E61}
	EndGlobalSection
EndGlobal
